
Microsoft Visual Studio Solution File, Format Version 12.00
# Visual Studio Version 17
VisualStudioVersion = 17.9.34622.214
MinimumVisualStudioVersion = 10.0.40219.1
Project("{FAE04EC0-301F-11D3-BF4B-00C04F79EFBC}") = "EM.Web", "EM.Web\EM.Web.csproj", "{3ED612B1-AB57-4BE0-872F-EB8943E1B076}"
EndProject
Project("{FAE04EC0-301F-11D3-BF4B-00C04F79EFBC}") = "EM.Repository", "EM.Repository\EM.Repository.csproj", "{B6D267B8-727F-4E2C-885B-3F47D0259B58}"
EndProject
Project("{FAE04EC0-301F-11D3-BF4B-00C04F79EFBC}") = "EM.Domain", "EM.Domain\EM.Domain.csproj", "{D75124C1-E583-486C-8872-E638A1738E33}"
EndProject
Global
	GlobalSection(SolutionConfigurationPlatforms) = preSolution
		Debug|Any CPU = Debug|Any CPU
		Release|Any CPU = Release|Any CPU
	EndGlobalSection
	GlobalSection(ProjectConfigurationPlatforms) = postSolution
		{3ED612B1-AB57-4BE0-872F-EB8943E1B076}.Debug|Any CPU.ActiveCfg = Debug|Any CPU
		{3ED612B1-AB57-4BE0-872F-EB8943E1B076}.Debug|Any CPU.Build.0 = Debug|Any CPU
		{3ED612B1-AB57-4BE0-872F-EB8943E1B076}.Release|Any CPU.ActiveCfg = Release|Any CPU
		{3ED612B1-AB57-4BE0-872F-EB8943E1B076}.Release|Any CPU.Build.0 = Release|Any CPU
		{B6D267B8-727F-4E2C-885B-3F47D0259B58}.Debug|Any CPU.ActiveCfg = Debug|Any CPU
		{B6D267B8-727F-4E2C-885B-3F47D0259B58}.Debug|Any CPU.Build.0 = Debug|Any CPU
		{B6D267B8-727F-4E2C-885B-3F47D0259B58}.Release|Any CPU.ActiveCfg = Release|Any CPU
		{B6D267B8-727F-4E2C-885B-3F47D0259B58}.Release|Any CPU.Build.0 = Release|Any CPU
		{D75124C1-E583-486C-8872-E638A1738E33}.Debug|Any CPU.ActiveCfg = Debug|Any CPU
		{D75124C1-E583-486C-8872-E638A1738E33}.Debug|Any CPU.Build.0 = Debug|Any CPU
		{D75124C1-E583-486C-8872-E638A1738E33}.Release|Any CPU.ActiveCfg = Release|Any CPU
		{D75124C1-E583-486C-8872-E638A1738E33}.Release|Any CPU.Build.0 = Release|Any CPU
	EndGlobalSection
	GlobalSection(SolutionProperties) = preSolution
		HideSolutionNode = FALSE
	EndGlobalSection
	GlobalSection(ExtensibilityGlobals) = postSolution
		SolutionGuid = {4DF77380-CBAA-4496-8BB7-B551C2C1BC63}
	EndGlobalSection
EndGlobal
